
Microsoft Visual Studio Solution File, Format Version 12.00
# Visual Studio Version 17
VisualStudioVersion = 17.0.31903.59
MinimumVisualStudioVersion = 10.0.40219.1
Project("{2150E333-8FDC-42A3-9474-1A3956D46DE8}") = "src", "src", "{827E0CD3-B72D-47B6-A68D-7590B98EB39B}"
EndProject
Project("{FAE04EC0-301F-11D3-BF4B-00C04F79EFBC}") = "CCAutoApprove.Core", "src\CCAutoApprove.Core\CCAutoApprove.Core.csproj", "{ACFC440F-B756-42FF-839D-7CE2FCFEADCF}"
EndProject
Project("{FAE04EC0-301F-11D3-BF4B-00C04F79EFBC}") = "CCAutoApprove.Infrastructure", "src\CCAutoApprove.Infrastructure\CCAutoApprove.Infrastructure.csproj", "{5FEF4232-417C-4E73-835C-077225B2349F}"
EndProject
Project("{FAE04EC0-301F-11D3-BF4B-00C04F79EFBC}") = "CCAutoApprove.Cli", "src\CCAutoApprove.Cli\CCAutoApprove.Cli.csproj", "{9A539B24-4BD6-46AC-9F3F-223E685A9F29}"
EndProject
Project("{FAE04EC0-301F-11D3-BF4B-00C04F79EFBC}") = "CCAutoApprove.App", "src\CCAutoApprove.App\CCAutoApprove.App.csproj", "{1011636D-7B6D-4D48-BE8C-F6485D45787A}"
EndProject
Project("{2150E333-8FDC-42A3-9474-1A3956D46DE8}") = "tests", "tests", "{0AB3BF05-4346-4AA6-1389-037BE0695223}"
EndProject
Project("{FAE04EC0-301F-11D3-BF4B-00C04F79EFBC}") = "CCAutoApprove.Core.Tests", "tests\CCAutoApprove.Core.Tests\CCAutoApprove.Core.Tests.csproj", "{11FB13CC-4C29-4A79-A27F-E359ED0171F0}"
EndProject
Project("{FAE04EC0-301F-11D3-BF4B-00C04F79EFBC}") = "CCAutoApprove.Infrastructure.Tests", "tests\CCAutoApprove.Infrastructure.Tests\CCAutoApprove.Infrastructure.Tests.csproj", "{CB2EC56B-BD4C-4E53-AB2B-D1B06F550C2D}"
EndProject
Project("{FAE04EC0-301F-11D3-BF4B-00C04F79EFBC}") = "CCAutoApprove.Cli.Tests", "tests\CCAutoApprove.Cli.Tests\CCAutoApprove.Cli.Tests.csproj", "{0CAF5664-78E4-47B5-86EE-E3ECE5FC2A19}"
EndProject
Project("{FAE04EC0-301F-11D3-BF4B-00C04F79EFBC}") = "CCAutoApprove.App.Tests", "tests\CCAutoApprove.App.Tests\CCAutoApprove.App.Tests.csproj", "{74EC6D0B-ACEC-4F69-A7F4-F96979160863}"
EndProject
Global
	GlobalSection(SolutionConfigurationPlatforms) = preSolution
		Debug|Any CPU = Debug|Any CPU
		Debug|x64 = Debug|x64
		Debug|x86 = Debug|x86
		Release|Any CPU = Release|Any CPU
		Release|x64 = Release|x64
		Release|x86 = Release|x86
	EndGlobalSection
	GlobalSection(ProjectConfigurationPlatforms) = postSolution
		{ACFC440F-B756-42FF-839D-7CE2FCFEADCF}.Debug|Any CPU.ActiveCfg = Debug|Any CPU
		{ACFC440F-B756-42FF-839D-7CE2FCFEADCF}.Debug|Any CPU.Build.0 = Debug|Any CPU
		{ACFC440F-B756-42FF-839D-7CE2FCFEADCF}.Debug|x64.ActiveCfg = Debug|Any CPU
		{ACFC440F-B756-42FF-839D-7CE2FCFEADCF}.Debug|x64.Build.0 = Debug|Any CPU
		{ACFC440F-B756-42FF-839D-7CE2FCFEADCF}.Debug|x86.ActiveCfg = Debug|Any CPU
		{ACFC440F-B756-42FF-839D-7CE2FCFEADCF}.Debug|x86.Build.0 = Debug|Any CPU
		{ACFC440F-B756-42FF-839D-7CE2FCFEADCF}.Release|Any CPU.ActiveCfg = Release|Any CPU
		{ACFC440F-B756-42FF-839D-7CE2FCFEADCF}.Release|Any CPU.Build.0 = Release|Any CPU
		{ACFC440F-B756-42FF-839D-7CE2FCFEADCF}.Release|x64.ActiveCfg = Release|Any CPU
		{ACFC440F-B756-42FF-839D-7CE2FCFEADCF}.Release|x64.Build.0 = Release|Any CPU
		{ACFC440F-B756-42FF-839D-7CE2FCFEADCF}.Release|x86.ActiveCfg = Release|Any CPU
		{ACFC440F-B756-42FF-839D-7CE2FCFEADCF}.Release|x86.Build.0 = Release|Any CPU
		{5FEF4232-417C-4E73-835C-077225B2349F}.Debug|Any CPU.ActiveCfg = Debug|Any CPU
		{5FEF4232-417C-4E73-835C-077225B2349F}.Debug|Any CPU.Build.0 = Debug|Any CPU
		{5FEF4232-417C-4E73-835C-077225B2349F}.Debug|x64.ActiveCfg = Debug|Any CPU
		{5FEF4232-417C-4E73-835C-077225B2349F}.Debug|x64.Build.0 = Debug|Any CPU
		{5FEF4232-417C-4E73-835C-077225B2349F}.Debug|x86.ActiveCfg = Debug|Any CPU
		{5FEF4232-417C-4E73-835C-077225B2349F}.Debug|x86.Build.0 = Debug|Any CPU
		{5FEF4232-417C-4E73-835C-077225B2349F}.Release|Any CPU.ActiveCfg = Release|Any CPU
		{5FEF4232-417C-4E73-835C-077225B2349F}.Release|Any CPU.Build.0 = Release|Any CPU
		{5FEF4232-417C-4E73-835C-077225B2349F}.Release|x64.ActiveCfg = Release|Any CPU
		{5FEF4232-417C-4E73-835C-077225B2349F}.Release|x64.Build.0 = Release|Any CPU
		{5FEF4232-417C-4E73-835C-077225B2349F}.Release|x86.ActiveCfg = Release|Any CPU
		{5FEF4232-417C-4E73-835C-077225B2349F}.Release|x86.Build.0 = Release|Any CPU
		{9A539B24-4BD6-46AC-9F3F-223E685A9F29}.Debug|Any CPU.ActiveCfg = Debug|Any CPU
		{9A539B24-4BD6-46AC-9F3F-223E685A9F29}.Debug|Any CPU.Build.0 = Debug|Any CPU
		{9A539B24-4BD6-46AC-9F3F-223E685A9F29}.Debug|x64.ActiveCfg = Debug|Any CPU
		{9A539B24-4BD6-46AC-9F3F-223E685A9F29}.Debug|x64.Build.0 = Debug|Any CPU
		{9A539B24-4BD6-46AC-9F3F-223E685A9F29}.Debug|x86.ActiveCfg = Debug|Any CPU
		{9A539B24-4BD6-46AC-9F3F-223E685A9F29}.Debug|x86.Build.0 = Debug|Any CPU
		{9A539B24-4BD6-46AC-9F3F-223E685A9F29}.Release|Any CPU.ActiveCfg = Release|Any CPU
		{9A539B24-4BD6-46AC-9F3F-223E685A9F29}.Release|Any CPU.Build.0 = Release|Any CPU
		{9A539B24-4BD6-46AC-9F3F-223E685A9F29}.Release|x64.ActiveCfg = Release|Any CPU
		{9A539B24-4BD6-46AC-9F3F-223E685A9F29}.Release|x64.Build.0 = Release|Any CPU
		{9A539B24-4BD6-46AC-9F3F-223E685A9F29}.Release|x86.ActiveCfg = Release|Any CPU
		{9A539B24-4BD6-46AC-9F3F-223E685A9F29}.Release|x86.Build.0 = Release|Any CPU
		{1011636D-7B6D-4D48-BE8C-F6485D45787A}.Debug|Any CPU.ActiveCfg = Debug|Any CPU
		{1011636D-7B6D-4D48-BE8C-F6485D45787A}.Debug|Any CPU.Build.0 = Debug|Any CPU
		{1011636D-7B6D-4D48-BE8C-F6485D45787A}.Debug|x64.ActiveCfg = Debug|Any CPU
		{1011636D-7B6D-4D48-BE8C-F6485D45787A}.Debug|x64.Build.0 = Debug|Any CPU
		{1011636D-7B6D-4D48-BE8C-F6485D45787A}.Debug|x86.ActiveCfg = Debug|Any CPU
		{1011636D-7B6D-4D48-BE8C-F6485D45787A}.Debug|x86.Build.0 = Debug|Any CPU
		{1011636D-7B6D-4D48-BE8C-F6485D45787A}.Release|Any CPU.ActiveCfg = Release|Any CPU
		{1011636D-7B6D-4D48-BE8C-F6485D45787A}.Release|Any CPU.Build.0 = Release|Any CPU
		{1011636D-7B6D-4D48-BE8C-F6485D45787A}.Release|x64.ActiveCfg = Release|Any CPU
		{1011636D-7B6D-4D48-BE8C-F6485D45787A}.Release|x64.Build.0 = Release|Any CPU
		{1011636D-7B6D-4D48-BE8C-F6485D45787A}.Release|x86.ActiveCfg = Release|Any CPU
		{1011636D-7B6D-4D48-BE8C-F6485D45787A}.Release|x86.Build.0 = Release|Any CPU
		{11FB13CC-4C29-4A79-A27F-E359ED0171F0}.Debug|Any CPU.ActiveCfg = Debug|Any CPU
		{11FB13CC-4C29-4A79-A27F-E359ED0171F0}.Debug|Any CPU.Build.0 = Debug|Any CPU
		{11FB13CC-4C29-4A79-A27F-E359ED0171F0}.Debug|x64.ActiveCfg = Debug|Any CPU
		{11FB13CC-4C29-4A79-A27F-E359ED0171F0}.Debug|x64.Build.0 = Debug|Any CPU
		{11FB13CC-4C29-4A79-A27F-E359ED0171F0}.Debug|x86.ActiveCfg = Debug|Any CPU
		{11FB13CC-4C29-4A79-A27F-E359ED0171F0}.Debug|x86.Build.0 = Debug|Any CPU
		{11FB13CC-4C29-4A79-A27F-E359ED0171F0}.Release|Any CPU.ActiveCfg = Release|Any CPU
		{11FB13CC-4C29-4A79-A27F-E359ED0171F0}.Release|Any CPU.Build.0 = Release|Any CPU
		{11FB13CC-4C29-4A79-A27F-E359ED0171F0}.Release|x64.ActiveCfg = Release|Any CPU
		{11FB13CC-4C29-4A79-A27F-E359ED0171F0}.Release|x64.Build.0 = Release|Any CPU
		{11FB13CC-4C29-4A79-A27F-E359ED0171F0}.Release|x86.ActiveCfg = Release|Any CPU
		{11FB13CC-4C29-4A79-A27F-E359ED0171F0}.Release|x86.Build.0 = Release|Any CPU
		{CB2EC56B-BD4C-4E53-AB2B-D1B06F550C2D}.Debug|Any CPU.ActiveCfg = Debug|Any CPU
		{CB2EC56B-BD4C-4E53-AB2B-D1B06F550C2D}.Debug|Any CPU.Build.0 = Debug|Any CPU
		{CB2EC56B-BD4C-4E53-AB2B-D1B06F550C2D}.Debug|x64.ActiveCfg = Debug|Any CPU
		{CB2EC56B-BD4C-4E53-AB2B-D1B06F550C2D}.Debug|x64.Build.0 = Debug|Any CPU
		{CB2EC56B-BD4C-4E53-AB2B-D1B06F550C2D}.Debug|x86.ActiveCfg = Debug|Any CPU
		{CB2EC56B-BD4C-4E53-AB2B-D1B06F550C2D}.Debug|x86.Build.0 = Debug|Any CPU
		{CB2EC56B-BD4C-4E53-AB2B-D1B06F550C2D}.Release|Any CPU.ActiveCfg = Release|Any CPU
		{CB2EC56B-BD4C-4E53-AB2B-D1B06F550C2D}.Release|Any CPU.Build.0 = Release|Any CPU
		{CB2EC56B-BD4C-4E53-AB2B-D1B06F550C2D}.Release|x64.ActiveCfg = Release|Any CPU
		{CB2EC56B-BD4C-4E53-AB2B-D1B06F550C2D}.Release|x64.Build.0 = Release|Any CPU
		{CB2EC56B-BD4C-4E53-AB2B-D1B06F550C2D}.Release|x86.ActiveCfg = Release|Any CPU
		{CB2EC56B-BD4C-4E53-AB2B-D1B06F550C2D}.Release|x86.Build.0 = Release|Any CPU
		{0CAF5664-78E4-47B5-86EE-E3ECE5FC2A19}.Debug|Any CPU.ActiveCfg = Debug|Any CPU
		{0CAF5664-78E4-47B5-86EE-E3ECE5FC2A19}.Debug|Any CPU.Build.0 = Debug|Any CPU
		{0CAF5664-78E4-47B5-86EE-E3ECE5FC2A19}.Debug|x64.ActiveCfg = Debug|Any CPU
		{0CAF5664-78E4-47B5-86EE-E3ECE5FC2A19}.Debug|x64.Build.0 = Debug|Any CPU
		{0CAF5664-78E4-47B5-86EE-E3ECE5FC2A19}.Debug|x86.ActiveCfg = Debug|Any CPU
		{0CAF5664-78E4-47B5-86EE-E3ECE5FC2A19}.Debug|x86.Build.0 = Debug|Any CPU
		{0CAF5664-78E4-47B5-86EE-E3ECE5FC2A19}.Release|Any CPU.ActiveCfg = Release|Any CPU
		{0CAF5664-78E4-47B5-86EE-E3ECE5FC2A19}.Release|Any CPU.Build.0 = Release|Any CPU
		{0CAF5664-78E4-47B5-86EE-E3ECE5FC2A19}.Release|x64.ActiveCfg = Release|Any CPU
		{0CAF5664-78E4-47B5-86EE-E3ECE5FC2A19}.Release|x64.Build.0 = Release|Any CPU
		{0CAF5664-78E4-47B5-86EE-E3ECE5FC2A19}.Release|x86.ActiveCfg = Release|Any CPU
		{0CAF5664-78E4-47B5-86EE-E3ECE5FC2A19}.Release|x86.Build.0 = Release|Any CPU
		{74EC6D0B-ACEC-4F69-A7F4-F96979160863}.Debug|Any CPU.ActiveCfg = Debug|Any CPU
		{74EC6D0B-ACEC-4F69-A7F4-F96979160863}.Debug|Any CPU.Build.0 = Debug|Any CPU
		{74EC6D0B-ACEC-4F69-A7F4-F96979160863}.Debug|x64.ActiveCfg = Debug|Any CPU
		{74EC6D0B-ACEC-4F69-A7F4-F96979160863}.Debug|x64.Build.0 = Debug|Any CPU
		{74EC6D0B-ACEC-4F69-A7F4-F96979160863}.Debug|x86.ActiveCfg = Debug|Any CPU
		{74EC6D0B-ACEC-4F69-A7F4-F96979160863}.Debug|x86.Build.0 = Debug|Any CPU
		{74EC6D0B-ACEC-4F69-A7F4-F96979160863}.Release|Any CPU.ActiveCfg = Release|Any CPU
		{74EC6D0B-ACEC-4F69-A7F4-F96979160863}.Release|Any CPU.Build.0 = Release|Any CPU
		{74EC6D0B-ACEC-4F69-A7F4-F96979160863}.Release|x64.ActiveCfg = Release|Any CPU
		{74EC6D0B-ACEC-4F69-A7F4-F96979160863}.Release|x64.Build.0 = Release|Any CPU
		{74EC6D0B-ACEC-4F69-A7F4-F96979160863}.Release|x86.ActiveCfg = Release|Any CPU
		{74EC6D0B-ACEC-4F69-A7F4-F96979160863}.Release|x86.Build.0 = Release|Any CPU
	EndGlobalSection
	GlobalSection(SolutionProperties) = preSolution
		HideSolutionNode = FALSE
	EndGlobalSection
	GlobalSection(NestedProjects) = preSolution
		{ACFC440F-B756-42FF-839D-7CE2FCFEADCF} = {827E0CD3-B72D-47B6-A68D-7590B98EB39B}
		{5FEF4232-417C-4E73-835C-077225B2349F} = {827E0CD3-B72D-47B6-A68D-7590B98EB39B}
		{9A539B24-4BD6-46AC-9F3F-223E685A9F29} = {827E0CD3-B72D-47B6-A68D-7590B98EB39B}
		{1011636D-7B6D-4D48-BE8C-F6485D45787A} = {827E0CD3-B72D-47B6-A68D-7590B98EB39B}
		{11FB13CC-4C29-4A79-A27F-E359ED0171F0} = {0AB3BF05-4346-4AA6-1389-037BE0695223}
		{CB2EC56B-BD4C-4E53-AB2B-D1B06F550C2D} = {0AB3BF05-4346-4AA6-1389-037BE0695223}
		{0CAF5664-78E4-47B5-86EE-E3ECE5FC2A19} = {0AB3BF05-4346-4AA6-1389-037BE0695223}
		{74EC6D0B-ACEC-4F69-A7F4-F96979160863} = {0AB3BF05-4346-4AA6-1389-037BE0695223}
	EndGlobalSection
EndGlobal
